
Microsoft Visual Studio Solution File, Format Version 12.00
# Visual Studio Version 17
VisualStudioVersion = 17.11.35312.102
MinimumVisualStudioVersion = 10.0.40219.1
Project("{FAE04EC0-301F-11D3-BF4B-00C04F79EFBC}") = "PactumLogic.Server", "PactumLogic.Server\PactumLogic.Server.csproj", "{2FF8610E-C0A7-4239-8A25-7709AC0BE666}"
EndProject
Project("{54A90642-561A-4BB1-A94E-469ADEE60C69}") = "pactumlogic.client", "pactumlogic.client\pactumlogic.client.esproj", "{16EF916F-F35F-4457-98AC-FA848CC3C650}"
EndProject
Global
	GlobalSection(SolutionConfigurationPlatforms) = preSolution
		Debug|Any CPU = Debug|Any CPU
		Release|Any CPU = Release|Any CPU
	EndGlobalSection
	GlobalSection(ProjectConfigurationPlatforms) = postSolution
		{2FF8610E-C0A7-4239-8A25-7709AC0BE666}.Debug|Any CPU.ActiveCfg = Debug|Any CPU
		{2FF8610E-C0A7-4239-8A25-7709AC0BE666}.Debug|Any CPU.Build.0 = Debug|Any CPU
		{2FF8610E-C0A7-4239-8A25-7709AC0BE666}.Release|Any CPU.ActiveCfg = Release|Any CPU
		{2FF8610E-C0A7-4239-8A25-7709AC0BE666}.Release|Any CPU.Build.0 = Release|Any CPU
		{16EF916F-F35F-4457-98AC-FA848CC3C650}.Debug|Any CPU.ActiveCfg = Debug|Any CPU
		{16EF916F-F35F-4457-98AC-FA848CC3C650}.Debug|Any CPU.Build.0 = Debug|Any CPU
		{16EF916F-F35F-4457-98AC-FA848CC3C650}.Debug|Any CPU.Deploy.0 = Debug|Any CPU
		{16EF916F-F35F-4457-98AC-FA848CC3C650}.Release|Any CPU.ActiveCfg = Release|Any CPU
		{16EF916F-F35F-4457-98AC-FA848CC3C650}.Release|Any CPU.Build.0 = Release|Any CPU
		{16EF916F-F35F-4457-98AC-FA848CC3C650}.Release|Any CPU.Deploy.0 = Release|Any CPU
	EndGlobalSection
	GlobalSection(SolutionProperties) = preSolution
		HideSolutionNode = FALSE
	EndGlobalSection
	GlobalSection(ExtensibilityGlobals) = postSolution
		SolutionGuid = {3CB5ADA8-2C36-4477-9964-6C3A8D69FF0E}
	EndGlobalSection
EndGlobal
